
Microsoft Visual Studio Solution File, Format Version 12.00
# Visual Studio 2013
VisualStudioVersion = 12.0.21005.1
MinimumVisualStudioVersion = 10.0.40219.1
Project("{2150E333-8FDC-42A3-9474-1A3956D46DE8}") = "01 Framework", "01 Framework", "{3AEBC66F-6B41-434A-8E3D-79A74BF79B8D}"
EndProject
Project("{FAE04EC0-301F-11D3-BF4B-00C04F79EFBC}") = "Quick.Framework.EFData", "Quick.Framework.EFData\Quick.Framework.EFData.csproj", "{E29F850E-3069-40FC-99AE-9720876B0187}"
EndProject
Project("{FAE04EC0-301F-11D3-BF4B-00C04F79EFBC}") = "Quick.Framework.Tool", "Quick.Framework.Tool\Quick.Framework.Tool.csproj", "{A9A5CDD3-CA9A-4952-A3DE-0F107BBB826A}"
EndProject
Project("{2150E333-8FDC-42A3-9474-1A3956D46DE8}") = "02 Domain", "02 Domain", "{DBCC2329-41F0-45E3-A082-251674909C63}"
EndProject
Project("{2150E333-8FDC-42A3-9474-1A3956D46DE8}") = "03 Core", "03 Core", "{6F0A50B0-F473-43C3-B508-9A9B95881E5B}"
EndProject
Project("{FAE04EC0-301F-11D3-BF4B-00C04F79EFBC}") = "QuickRMS.Core.Repository", "QuickRMS.Core.Repository\QuickRMS.Core.Repository.csproj", "{C91E908E-C4D4-42F5-940F-EFF112D36A8C}"
EndProject
Project("{FAE04EC0-301F-11D3-BF4B-00C04F79EFBC}") = "QuickRMS.Core.Service", "QuickRMS.Core.Service\QuickRMS.Core.Service.csproj", "{41B3B949-01C6-4EA2-8423-C7EA2F9ED576}"
EndProject
Project("{2150E333-8FDC-42A3-9474-1A3956D46DE8}") = "04 Presentation", "04 Presentation", "{45DBEFB2-7591-4D2B-80D0-625D5FC79EE6}"
EndProject
Project("{FAE04EC0-301F-11D3-BF4B-00C04F79EFBC}") = "QuickRMS.Domain.Models", "QuickRMS.Domain.Models\QuickRMS.Domain.Models.csproj", "{C4722979-9DB4-4C08-9C66-586F8D085D61}"
EndProject
Project("{FAE04EC0-301F-11D3-BF4B-00C04F79EFBC}") = "QuickRMS.Domain.Data", "QuickRMS.Domain.Data\QuickRMS.Domain.Data.csproj", "{625B6CD5-9183-4F5D-90CB-E7C94250F890}"
EndProject
Project("{2150E333-8FDC-42A3-9474-1A3956D46DE8}") = "05 Tests", "05 Tests", "{6409E7E0-C66C-4663-BC07-964935A1CFDC}"
EndProject
Project("{FAE04EC0-301F-11D3-BF4B-00C04F79EFBC}") = "QuickRMS.Site.WebUI", "QuickRMS.Site.WebUI\QuickRMS.Site.WebUI.csproj", "{55902C4F-CC30-49EF-8A2A-6B47FAF74579}"
EndProject
Project("{FAE04EC0-301F-11D3-BF4B-00C04F79EFBC}") = "Quick.Framework.Logging", "Quick.Framework.Logging\Quick.Framework.Logging.csproj", "{53022DC9-CC81-473B-88A2-4AE0A14BB1F3}"
EndProject
Project("{FAE04EC0-301F-11D3-BF4B-00C04F79EFBC}") = "Quick.Framework.Common", "Quick.Framework.Common\Quick.Framework.Common.csproj", "{6A61DE4F-5738-4CAD-84BF-49923D92862A}"
EndProject
Project("{2150E333-8FDC-42A3-9474-1A3956D46DE8}") = "EF", "EF", "{576F66A7-03FB-4003-BCA2-414372AF0126}"
EndProject
Project("{FAE04EC0-301F-11D3-BF4B-00C04F79EFBC}") = "QuickRMS.Site.Models", "QuickRMS.Site.Models\QuickRMS.Site.Models.csproj", "{271E69F4-27DA-40F7-856B-92EB1536C3C0}"
EndProject
Project("{FAE04EC0-301F-11D3-BF4B-00C04F79EFBC}") = "Quick.Site.Common", "Quick.Site.Common\Quick.Site.Common.csproj", "{9A72F17F-3008-458F-A764-59C986639B8E}"
EndProject
Project("{FAE04EC0-301F-11D3-BF4B-00C04F79EFBC}") = "Quick.Framework.Mail", "Quick.Framework.Mail\Quick.Framework.Mail.csproj", "{BA2D0F8B-BBD1-4FE6-8BC8-0FE6FDEC958E}"
EndProject
Project("{FAE04EC0-301F-11D3-BF4B-00C04F79EFBC}") = "QuickRMS.Site.ApiModels", "QuickRMS.Site.ApiModels\QuickRMS.Site.ApiModels.csproj", "{AFEF2580-9C2B-4099-BB4B-FD987A3B4DC3}"
EndProject
Global
	GlobalSection(SolutionConfigurationPlatforms) = preSolution
		Debug|Any CPU = Debug|Any CPU
		Release|Any CPU = Release|Any CPU
	EndGlobalSection
	GlobalSection(ProjectConfigurationPlatforms) = postSolution
		{E29F850E-3069-40FC-99AE-9720876B0187}.Debug|Any CPU.ActiveCfg = Debug|Any CPU
		{E29F850E-3069-40FC-99AE-9720876B0187}.Debug|Any CPU.Build.0 = Debug|Any CPU
		{E29F850E-3069-40FC-99AE-9720876B0187}.Release|Any CPU.ActiveCfg = Release|Any CPU
		{E29F850E-3069-40FC-99AE-9720876B0187}.Release|Any CPU.Build.0 = Release|Any CPU
		{A9A5CDD3-CA9A-4952-A3DE-0F107BBB826A}.Debug|Any CPU.ActiveCfg = Debug|Any CPU
		{A9A5CDD3-CA9A-4952-A3DE-0F107BBB826A}.Debug|Any CPU.Build.0 = Debug|Any CPU
		{A9A5CDD3-CA9A-4952-A3DE-0F107BBB826A}.Release|Any CPU.ActiveCfg = Release|Any CPU
		{A9A5CDD3-CA9A-4952-A3DE-0F107BBB826A}.Release|Any CPU.Build.0 = Release|Any CPU
		{C91E908E-C4D4-42F5-940F-EFF112D36A8C}.Debug|Any CPU.ActiveCfg = Debug|Any CPU
		{C91E908E-C4D4-42F5-940F-EFF112D36A8C}.Debug|Any CPU.Build.0 = Debug|Any CPU
		{C91E908E-C4D4-42F5-940F-EFF112D36A8C}.Release|Any CPU.ActiveCfg = Release|Any CPU
		{C91E908E-C4D4-42F5-940F-EFF112D36A8C}.Release|Any CPU.Build.0 = Release|Any CPU
		{41B3B949-01C6-4EA2-8423-C7EA2F9ED576}.Debug|Any CPU.ActiveCfg = Debug|Any CPU
		{41B3B949-01C6-4EA2-8423-C7EA2F9ED576}.Debug|Any CPU.Build.0 = Debug|Any CPU
		{41B3B949-01C6-4EA2-8423-C7EA2F9ED576}.Release|Any CPU.ActiveCfg = Release|Any CPU
		{41B3B949-01C6-4EA2-8423-C7EA2F9ED576}.Release|Any CPU.Build.0 = Release|Any CPU
		{C4722979-9DB4-4C08-9C66-586F8D085D61}.Debug|Any CPU.ActiveCfg = Debug|Any CPU
		{C4722979-9DB4-4C08-9C66-586F8D085D61}.Debug|Any CPU.Build.0 = Debug|Any CPU
		{C4722979-9DB4-4C08-9C66-586F8D085D61}.Release|Any CPU.ActiveCfg = Release|Any CPU
		{C4722979-9DB4-4C08-9C66-586F8D085D61}.Release|Any CPU.Build.0 = Release|Any CPU
		{625B6CD5-9183-4F5D-90CB-E7C94250F890}.Debug|Any CPU.ActiveCfg = Debug|Any CPU
		{625B6CD5-9183-4F5D-90CB-E7C94250F890}.Debug|Any CPU.Build.0 = Debug|Any CPU
		{625B6CD5-9183-4F5D-90CB-E7C94250F890}.Release|Any CPU.ActiveCfg = Release|Any CPU
		{625B6CD5-9183-4F5D-90CB-E7C94250F890}.Release|Any CPU.Build.0 = Release|Any CPU
		{55902C4F-CC30-49EF-8A2A-6B47FAF74579}.Debug|Any CPU.ActiveCfg = Debug|Any CPU
		{55902C4F-CC30-49EF-8A2A-6B47FAF74579}.Debug|Any CPU.Build.0 = Debug|Any CPU
		{55902C4F-CC30-49EF-8A2A-6B47FAF74579}.Release|Any CPU.ActiveCfg = Release|Any CPU
		{55902C4F-CC30-49EF-8A2A-6B47FAF74579}.Release|Any CPU.Build.0 = Release|Any CPU
		{53022DC9-CC81-473B-88A2-4AE0A14BB1F3}.Debug|Any CPU.ActiveCfg = Debug|Any CPU
		{53022DC9-CC81-473B-88A2-4AE0A14BB1F3}.Debug|Any CPU.Build.0 = Debug|Any CPU
		{53022DC9-CC81-473B-88A2-4AE0A14BB1F3}.Release|Any CPU.ActiveCfg = Release|Any CPU
		{53022DC9-CC81-473B-88A2-4AE0A14BB1F3}.Release|Any CPU.Build.0 = Release|Any CPU
		{6A61DE4F-5738-4CAD-84BF-49923D92862A}.Debug|Any CPU.ActiveCfg = Debug|Any CPU
		{6A61DE4F-5738-4CAD-84BF-49923D92862A}.Debug|Any CPU.Build.0 = Debug|Any CPU
		{6A61DE4F-5738-4CAD-84BF-49923D92862A}.Release|Any CPU.ActiveCfg = Release|Any CPU
		{6A61DE4F-5738-4CAD-84BF-49923D92862A}.Release|Any CPU.Build.0 = Release|Any CPU
		{271E69F4-27DA-40F7-856B-92EB1536C3C0}.Debug|Any CPU.ActiveCfg = Debug|Any CPU
		{271E69F4-27DA-40F7-856B-92EB1536C3C0}.Debug|Any CPU.Build.0 = Debug|Any CPU
		{271E69F4-27DA-40F7-856B-92EB1536C3C0}.Release|Any CPU.ActiveCfg = Release|Any CPU
		{271E69F4-27DA-40F7-856B-92EB1536C3C0}.Release|Any CPU.Build.0 = Release|Any CPU
		{9A72F17F-3008-458F-A764-59C986639B8E}.Debug|Any CPU.ActiveCfg = Debug|Any CPU
		{9A72F17F-3008-458F-A764-59C986639B8E}.Debug|Any CPU.Build.0 = Debug|Any CPU
		{9A72F17F-3008-458F-A764-59C986639B8E}.Release|Any CPU.ActiveCfg = Release|Any CPU
		{9A72F17F-3008-458F-A764-59C986639B8E}.Release|Any CPU.Build.0 = Release|Any CPU
		{BA2D0F8B-BBD1-4FE6-8BC8-0FE6FDEC958E}.Debug|Any CPU.ActiveCfg = Debug|Any CPU
		{BA2D0F8B-BBD1-4FE6-8BC8-0FE6FDEC958E}.Debug|Any CPU.Build.0 = Debug|Any CPU
		{BA2D0F8B-BBD1-4FE6-8BC8-0FE6FDEC958E}.Release|Any CPU.ActiveCfg = Release|Any CPU
		{BA2D0F8B-BBD1-4FE6-8BC8-0FE6FDEC958E}.Release|Any CPU.Build.0 = Release|Any CPU
		{AFEF2580-9C2B-4099-BB4B-FD987A3B4DC3}.Debug|Any CPU.ActiveCfg = Debug|Any CPU
		{AFEF2580-9C2B-4099-BB4B-FD987A3B4DC3}.Debug|Any CPU.Build.0 = Debug|Any CPU
		{AFEF2580-9C2B-4099-BB4B-FD987A3B4DC3}.Release|Any CPU.ActiveCfg = Release|Any CPU
		{AFEF2580-9C2B-4099-BB4B-FD987A3B4DC3}.Release|Any CPU.Build.0 = Release|Any CPU
	EndGlobalSection
	GlobalSection(SolutionProperties) = preSolution
		HideSolutionNode = FALSE
	EndGlobalSection
	GlobalSection(NestedProjects) = preSolution
		{576F66A7-03FB-4003-BCA2-414372AF0126} = {3AEBC66F-6B41-434A-8E3D-79A74BF79B8D}
		{53022DC9-CC81-473B-88A2-4AE0A14BB1F3} = {3AEBC66F-6B41-434A-8E3D-79A74BF79B8D}
		{6A61DE4F-5738-4CAD-84BF-49923D92862A} = {3AEBC66F-6B41-434A-8E3D-79A74BF79B8D}
		{BA2D0F8B-BBD1-4FE6-8BC8-0FE6FDEC958E} = {3AEBC66F-6B41-434A-8E3D-79A74BF79B8D}
		{A9A5CDD3-CA9A-4952-A3DE-0F107BBB826A} = {576F66A7-03FB-4003-BCA2-414372AF0126}
		{E29F850E-3069-40FC-99AE-9720876B0187} = {576F66A7-03FB-4003-BCA2-414372AF0126}
		{C4722979-9DB4-4C08-9C66-586F8D085D61} = {DBCC2329-41F0-45E3-A082-251674909C63}
		{625B6CD5-9183-4F5D-90CB-E7C94250F890} = {DBCC2329-41F0-45E3-A082-251674909C63}
		{C91E908E-C4D4-42F5-940F-EFF112D36A8C} = {6F0A50B0-F473-43C3-B508-9A9B95881E5B}
		{41B3B949-01C6-4EA2-8423-C7EA2F9ED576} = {6F0A50B0-F473-43C3-B508-9A9B95881E5B}
		{55902C4F-CC30-49EF-8A2A-6B47FAF74579} = {45DBEFB2-7591-4D2B-80D0-625D5FC79EE6}
		{271E69F4-27DA-40F7-856B-92EB1536C3C0} = {45DBEFB2-7591-4D2B-80D0-625D5FC79EE6}
		{9A72F17F-3008-458F-A764-59C986639B8E} = {45DBEFB2-7591-4D2B-80D0-625D5FC79EE6}
		{AFEF2580-9C2B-4099-BB4B-FD987A3B4DC3} = {45DBEFB2-7591-4D2B-80D0-625D5FC79EE6}
	EndGlobalSection
EndGlobal
